// !$*UTF8*$!
{
	archiveVersion = 1;
	classes = {
	};
	objectVersion = 46;
	objects = {

/* Begin PBXBuildFile section */
		495686E019E709DA000A2672 /* FeedViewController.swift in Sources */ = {isa = PBXBuildFile; fileRef = 495686DF19E709DA000A2672 /* FeedViewController.swift */; };
		495686E219E70A64000A2672 /* FeedCell.swift in Sources */ = {isa = PBXBuildFile; fileRef = 495686E119E70A64000A2672 /* FeedCell.swift */; };
		495E750119E6DF4500AEDC46 /* postViewController.swift in Sources */ = {isa = PBXBuildFile; fileRef = 495E750019E6DF4500AEDC46 /* postViewController.swift */; };
		495E750319E6E01E00AEDC46 /* truck.jpeg in Resources */ = {isa = PBXBuildFile; fileRef = 495E750219E6E01E00AEDC46 /* truck.jpeg */; };
		495E750519E6E05900AEDC46 /* monkey.png in Resources */ = {isa = PBXBuildFile; fileRef = 495E750419E6E05900AEDC46 /* monkey.png */; };
		4979017C19DAFA7A0055322E /* SignupViewController.swift in Sources */ = {isa = PBXBuildFile; fileRef = 4979017B19DAFA7A0055322E /* SignupViewController.swift */; };
		498F4D5D19DD9471006F94D9 /* UserTableViewController.swift in Sources */ = {isa = PBXBuildFile; fileRef = 498F4D5C19DD9471006F94D9 /* UserTableViewController.swift */; };
		49ACB2CC19E58B9F00CBF141 /* User.swift in Sources */ = {isa = PBXBuildFile; fileRef = 49ACB2CB19E58B9F00CBF141 /* User.swift */; };
		49B7458819D45CCD0059EC80 /* AppDelegate.swift in Sources */ = {isa = PBXBuildFile; fileRef = 49B7458719D45CCD0059EC80 /* AppDelegate.swift */; };
		49B7458A19D45CCD0059EC80 /* ViewController.swift in Sources */ = {isa = PBXBuildFile; fileRef = 49B7458919D45CCD0059EC80 /* ViewController.swift */; };
		49B7458D19D45CCD0059EC80 /* Main.storyboard in Resources */ = {isa = PBXBuildFile; fileRef = 49B7458B19D45CCD0059EC80 /* Main.storyboard */; };
		49B7458F19D45CCD0059EC80 /* Images.xcassets in Resources */ = {isa = PBXBuildFile; fileRef = 49B7458E19D45CCD0059EC80 /* Images.xcassets */; };
		49B7459219D45CCD0059EC80 /* LaunchScreen.xib in Resources */ = {isa = PBXBuildFile; fileRef = 49B7459019D45CCD0059EC80 /* LaunchScreen.xib */; };
		49B7459E19D45CCD0059EC80 /* HackergramTests.swift in Sources */ = {isa = PBXBuildFile; fileRef = 49B7459D19D45CCD0059EC80 /* HackergramTests.swift */; };
		49B745A919D45D020059EC80 /* Bolts.framework in Frameworks */ = {isa = PBXBuildFile; fileRef = 49B745A719D45D020059EC80 /* Bolts.framework */; };
		49B745AA19D45D020059EC80 /* Parse.framework in Frameworks */ = {isa = PBXBuildFile; fileRef = 49B745A819D45D020059EC80 /* Parse.framework */; };
		49B745AC19D45D720059EC80 /* AudioToolbox.framework in Frameworks */ = {isa = PBXBuildFile; fileRef = 49B745AB19D45D720059EC80 /* AudioToolbox.framework */; };
		49B745AE19D45D780059EC80 /* CFNetwork.framework in Frameworks */ = {isa = PBXBuildFile; fileRef = 49B745AD19D45D780059EC80 /* CFNetwork.framework */; };
		49B745B019D45D7E0059EC80 /* CoreGraphics.framework in Frameworks */ = {isa = PBXBuildFile; fileRef = 49B745AF19D45D7E0059EC80 /* CoreGraphics.framework */; };
		49B745B219D45D840059EC80 /* CoreLocation.framework in Frameworks */ = {isa = PBXBuildFile; fileRef = 49B745B119D45D840059EC80 /* CoreLocation.framework */; };
		49B745B419D45D8B0059EC80 /* libz.dylib in Frameworks */ = {isa = PBXBuildFile; fileRef = 49B745B319D45D8B0059EC80 /* libz.dylib */; };
		49B745B619D45D910059EC80 /* MobileCoreServices.framework in Frameworks */ = {isa = PBXBuildFile; fileRef = 49B745B519D45D910059EC80 /* MobileCoreServices.framework */; };
		49B745B819D45D970059EC80 /* QuartzCore.framework in Frameworks */ = {isa = PBXBuildFile; fileRef = 49B745B719D45D970059EC80 /* QuartzCore.framework */; };
		49B745BA19D45D9D0059EC80 /* Security.framework in Frameworks */ = {isa = PBXBuildFile; fileRef = 49B745B919D45D9D0059EC80 /* Security.framework */; };
		49B745BC19D45DA40059EC80 /* StoreKit.framework in Frameworks */ = {isa = PBXBuildFile; fileRef = 49B745BB19D45DA40059EC80 /* StoreKit.framework */; };
		49B745BE19D45DAD0059EC80 /* SystemConfiguration.framework in Frameworks */ = {isa = PBXBuildFile; fileRef = 49B745BD19D45DAD0059EC80 /* SystemConfiguration.framework */; };
/* End PBXBuildFile section */

/* Begin PBXContainerItemProxy section */
		49B7459819D45CCD0059EC80 /* PBXContainerItemProxy */ = {
			isa = PBXContainerItemProxy;
			containerPortal = 49B7457A19D45CCD0059EC80 /* Project object */;
			proxyType = 1;
			remoteGlobalIDString = 49B7458119D45CCD0059EC80;
			remoteInfo = Hackergram;
		};
/* End PBXContainerItemProxy section */

/* Begin PBXFileReference section */
		495686DF19E709DA000A2672 /* FeedViewController.swift */ = {isa = PBXFileReference; fileEncoding = 4; lastKnownFileType = sourcecode.swift; path = FeedViewController.swift; sourceTree = "<group>"; };
		495686E119E70A64000A2672 /* FeedCell.swift */ = {isa = PBXFileReference; fileEncoding = 4; lastKnownFileType = sourcecode.swift; path = FeedCell.swift; sourceTree = "<group>"; };
		495E750019E6DF4500AEDC46 /* postViewController.swift */ = {isa = PBXFileReference; fileEncoding = 4; lastKnownFileType = sourcecode.swift; path = postViewController.swift; sourceTree = "<group>"; };
		495E750219E6E01E00AEDC46 /* truck.jpeg */ = {isa = PBXFileReference; lastKnownFileType = image.jpeg; path = truck.jpeg; sourceTree = "<group>"; };
		495E750419E6E05900AEDC46 /* monkey.png */ = {isa = PBXFileReference; lastKnownFileType = image.png; path = monkey.png; sourceTree = "<group>"; };
		4979017B19DAFA7A0055322E /* SignupViewController.swift */ = {isa = PBXFileReference; fileEncoding = 4; lastKnownFileType = sourcecode.swift; path = SignupViewController.swift; sourceTree = "<group>"; };
		498F4D5C19DD9471006F94D9 /* UserTableViewController.swift */ = {isa = PBXFileReference; fileEncoding = 4; lastKnownFileType = sourcecode.swift; path = UserTableViewController.swift; sourceTree = "<group>"; };
		49ACB2CB19E58B9F00CBF141 /* User.swift */ = {isa = PBXFileReference; fileEncoding = 4; lastKnownFileType = sourcecode.swift; path = User.swift; sourceTree = "<group>"; };
		49B7458219D45CCD0059EC80 /* Hackergram.app */ = {isa = PBXFileReference; explicitFileType = wrapper.application; includeInIndex = 0; path = Hackergram.app; sourceTree = BUILT_PRODUCTS_DIR; };
		49B7458619D45CCD0059EC80 /* Info.plist */ = {isa = PBXFileReference; lastKnownFileType = text.plist.xml; path = Info.plist; sourceTree = "<group>"; };
		49B7458719D45CCD0059EC80 /* AppDelegate.swift */ = {isa = PBXFileReference; lastKnownFileType = sourcecode.swift; path = AppDelegate.swift; sourceTree = "<group>"; };
		49B7458919D45CCD0059EC80 /* ViewController.swift */ = {isa = PBXFileReference; lastKnownFileType = sourcecode.swift; path = ViewController.swift; sourceTree = "<group>"; };
		49B7458C19D45CCD0059EC80 /* Base */ = {isa = PBXFileReference; lastKnownFileType = file.storyboard; name = Base; path = Base.lproj/Main.storyboard; sourceTree = "<group>"; };
		49B7458E19D45CCD0059EC80 /* Images.xcassets */ = {isa = PBXFileReference; lastKnownFileType = folder.assetcatalog; path = Images.xcassets; sourceTree = "<group>"; };
		49B7459119D45CCD0059EC80 /* Base */ = {isa = PBXFileReference; lastKnownFileType = file.xib; name = Base; path = Base.lproj/LaunchScreen.xib; sourceTree = "<group>"; };
		49B7459719D45CCD0059EC80 /* HackergramTests.xctest */ = {isa = PBXFileReference; explicitFileType = wrapper.cfbundle; includeInIndex = 0; path = HackergramTests.xctest; sourceTree = BUILT_PRODUCTS_DIR; };
		49B7459C19D45CCD0059EC80 /* Info.plist */ = {isa = PBXFileReference; lastKnownFileType = text.plist.xml; path = Info.plist; sourceTree = "<group>"; };
		49B7459D19D45CCD0059EC80 /* HackergramTests.swift */ = {isa = PBXFileReference; lastKnownFileType = sourcecode.swift; path = HackergramTests.swift; sourceTree = "<group>"; };
		49B745A719D45D020059EC80 /* Bolts.framework */ = {isa = PBXFileReference; lastKnownFileType = wrapper.framework; name = Bolts.framework; path = Hackergram/Bolts.framework; sourceTree = "<group>"; };
		49B745A819D45D020059EC80 /* Parse.framework */ = {isa = PBXFileReference; lastKnownFileType = wrapper.framework; name = Parse.framework; path = Hackergram/Parse.framework; sourceTree = "<group>"; };
		49B745AB19D45D720059EC80 /* AudioToolbox.framework */ = {isa = PBXFileReference; lastKnownFileType = wrapper.framework; name = AudioToolbox.framework; path = System/Library/Frameworks/AudioToolbox.framework; sourceTree = SDKROOT; };
		49B745AD19D45D780059EC80 /* CFNetwork.framework */ = {isa = PBXFileReference; lastKnownFileType = wrapper.framework; name = CFNetwork.framework; path = System/Library/Frameworks/CFNetwork.framework; sourceTree = SDKROOT; };
		49B745AF19D45D7E0059EC80 /* CoreGraphics.framework */ = {isa = PBXFileReference; lastKnownFileType = wrapper.framework; name = CoreGraphics.framework; path = System/Library/Frameworks/CoreGraphics.framework; sourceTree = SDKROOT; };
		49B745B119D45D840059EC80 /* CoreLocation.framework */ = {isa = PBXFileReference; lastKnownFileType = wrapper.framework; name = CoreLocation.framework; path = System/Library/Frameworks/CoreLocation.framework; sourceTree = SDKROOT; };
		49B745B319D45D8B0059EC80 /* libz.dylib */ = {isa = PBXFileReference; lastKnownFileType = "compiled.mach-o.dylib"; name = libz.dylib; path = usr/lib/libz.dylib; sourceTree = SDKROOT; };
		49B745B519D45D910059EC80 /* MobileCoreServices.framework */ = {isa = PBXFileReference; lastKnownFileType = wrapper.framework; name = MobileCoreServices.framework; path = System/Library/Frameworks/MobileCoreServices.framework; sourceTree = SDKROOT; };
		49B745B719D45D970059EC80 /* QuartzCore.framework */ = {isa = PBXFileReference; lastKnownFileType = wrapper.framework; name = QuartzCore.framework; path = System/Library/Frameworks/QuartzCore.framework; sourceTree = SDKROOT; };
		49B745B919D45D9D0059EC80 /* Security.framework */ = {isa = PBXFileReference; lastKnownFileType = wrapper.framework; name = Security.framework; path = System/Library/Frameworks/Security.framework; sourceTree = SDKROOT; };
		49B745BB19D45DA40059EC80 /* StoreKit.framework */ = {isa = PBXFileReference; lastKnownFileType = wrapper.framework; name = StoreKit.framework; path = System/Library/Frameworks/StoreKit.framework; sourceTree = SDKROOT; };
		49B745BD19D45DAD0059EC80 /* SystemConfiguration.framework */ = {isa = PBXFileReference; lastKnownFileType = wrapper.framework; name = SystemConfiguration.framework; path = System/Library/Frameworks/SystemConfiguration.framework; sourceTree = SDKROOT; };
		49B745C019D45FFC0059EC80 /* Hackergram-Bridging-Header.h */ = {isa = PBXFileReference; lastKnownFileType = sourcecode.c.h; path = "Hackergram-Bridging-Header.h"; sourceTree = "<group>"; };
/* End PBXFileReference section */

/* Begin PBXFrameworksBuildPhase section */
		49B7457F19D45CCD0059EC80 /* Frameworks */ = {
			isa = PBXFrameworksBuildPhase;
			buildActionMask = 2147483647;
			files = (
				49B745BE19D45DAD0059EC80 /* SystemConfiguration.framework in Frameworks */,
				49B745BC19D45DA40059EC80 /* StoreKit.framework in Frameworks */,
				49B745BA19D45D9D0059EC80 /* Security.framework in Frameworks */,
				49B745B819D45D970059EC80 /* QuartzCore.framework in Frameworks */,
				49B745B619D45D910059EC80 /* MobileCoreServices.framework in Frameworks */,
				49B745B419D45D8B0059EC80 /* libz.dylib in Frameworks */,
				49B745B219D45D840059EC80 /* CoreLocation.framework in Frameworks */,
				49B745B019D45D7E0059EC80 /* CoreGraphics.framework in Frameworks */,
				49B745AE19D45D780059EC80 /* CFNetwork.framework in Frameworks */,
				49B745AC19D45D720059EC80 /* AudioToolbox.framework in Frameworks */,
				49B745AA19D45D020059EC80 /* Parse.framework in Frameworks */,
				49B745A919D45D020059EC80 /* Bolts.framework in Frameworks */,
			);
			runOnlyForDeploymentPostprocessing = 0;
		};
		49B7459419D45CCD0059EC80 /* Frameworks */ = {
			isa = PBXFrameworksBuildPhase;
			buildActionMask = 2147483647;
			files = (
			);
			runOnlyForDeploymentPostprocessing = 0;
		};
/* End PBXFrameworksBuildPhase section */

/* Begin PBXGroup section */
		4979017D19DAFA8D0055322E /* Frameworks */ = {
			isa = PBXGroup;
			children = (
				49B745A719D45D020059EC80 /* Bolts.framework */,
				49B745A819D45D020059EC80 /* Parse.framework */,
				49B745BD19D45DAD0059EC80 /* SystemConfiguration.framework */,
				49B745BB19D45DA40059EC80 /* StoreKit.framework */,
				49B745B919D45D9D0059EC80 /* Security.framework */,
				49B745B719D45D970059EC80 /* QuartzCore.framework */,
				49B745B519D45D910059EC80 /* MobileCoreServices.framework */,
				49B745B319D45D8B0059EC80 /* libz.dylib */,
				49B745B119D45D840059EC80 /* CoreLocation.framework */,
				49B745AF19D45D7E0059EC80 /* CoreGraphics.framework */,
				49B745AD19D45D780059EC80 /* CFNetwork.framework */,
				49B745AB19D45D720059EC80 /* AudioToolbox.framework */,
			);
			name = Frameworks;
			sourceTree = "<group>";
		};
		49B7457919D45CCD0059EC80 = {
			isa = PBXGroup;
			children = (
				49B7458419D45CCD0059EC80 /* Hackergram */,
				4979017D19DAFA8D0055322E /* Frameworks */,
				49B7459A19D45CCD0059EC80 /* HackergramTests */,
				49B7458319D45CCD0059EC80 /* Products */,
			);
			sourceTree = "<group>";
		};
		49B7458319D45CCD0059EC80 /* Products */ = {
			isa = PBXGroup;
			children = (
				49B7458219D45CCD0059EC80 /* Hackergram.app */,
				49B7459719D45CCD0059EC80 /* HackergramTests.xctest */,
			);
			name = Products;
			sourceTree = "<group>";
		};
		49B7458419D45CCD0059EC80 /* Hackergram */ = {
			isa = PBXGroup;
			children = (
				49B7458719D45CCD0059EC80 /* AppDelegate.swift */,
				49B7458919D45CCD0059EC80 /* ViewController.swift */,
				4979017B19DAFA7A0055322E /* SignupViewController.swift */,
				49B7458B19D45CCD0059EC80 /* Main.storyboard */,
				495686E119E70A64000A2672 /* FeedCell.swift */,
				495686DF19E709DA000A2672 /* FeedViewController.swift */,
				498F4D5C19DD9471006F94D9 /* UserTableViewController.swift */,
				495E750019E6DF4500AEDC46 /* postViewController.swift */,
				49B7458E19D45CCD0059EC80 /* Images.xcassets */,
				49B7459019D45CCD0059EC80 /* LaunchScreen.xib */,
				49B7458519D45CCD0059EC80 /* Supporting Files */,
				49B745C019D45FFC0059EC80 /* Hackergram-Bridging-Header.h */,
				49ACB2CB19E58B9F00CBF141 /* User.swift */,
			);
			path = Hackergram;
			sourceTree = "<group>";
		};
		49B7458519D45CCD0059EC80 /* Supporting Files */ = {
			isa = PBXGroup;
			children = (
				495E750419E6E05900AEDC46 /* monkey.png */,
				495E750219E6E01E00AEDC46 /* truck.jpeg */,
				49B7458619D45CCD0059EC80 /* Info.plist */,
			);
			name = "Supporting Files";
			sourceTree = "<group>";
		};
		49B7459A19D45CCD0059EC80 /* HackergramTests */ = {
			isa = PBXGroup;
			children = (
				49B7459D19D45CCD0059EC80 /* HackergramTests.swift */,
				49B7459B19D45CCD0059EC80 /* Supporting Files */,
			);
			path = HackergramTests;
			sourceTree = "<group>";
		};
		49B7459B19D45CCD0059EC80 /* Supporting Files */ = {
			isa = PBXGroup;
			children = (
				49B7459C19D45CCD0059EC80 /* Info.plist */,
			);
			name = "Supporting Files";
			sourceTree = "<group>";
		};
/* End PBXGroup section */

/* Begin PBXNativeTarget section */
		49B7458119D45CCD0059EC80 /* Hackergram */ = {
			isa = PBXNativeTarget;
			buildConfigurationList = 49B745A119D45CCD0059EC80 /* Build configuration list for PBXNativeTarget "Hackergram" */;
			buildPhases = (
				49B7457E19D45CCD0059EC80 /* Sources */,
				49B7457F19D45CCD0059EC80 /* Frameworks */,
				49B7458019D45CCD0059EC80 /* Resources */,
			);
			buildRules = (
			);
			dependencies = (
			);
			name = Hackergram;
			productName = Hackergram;
			productReference = 49B7458219D45CCD0059EC80 /* Hackergram.app */;
			productType = "com.apple.product-type.application";
		};
		49B7459619D45CCD0059EC80 /* HackergramTests */ = {
			isa = PBXNativeTarget;
			buildConfigurationList = 49B745A419D45CCD0059EC80 /* Build configuration list for PBXNativeTarget "HackergramTests" */;
			buildPhases = (
				49B7459319D45CCD0059EC80 /* Sources */,
				49B7459419D45CCD0059EC80 /* Frameworks */,
				49B7459519D45CCD0059EC80 /* Resources */,
			);
			buildRules = (
			);
			dependencies = (
				49B7459919D45CCD0059EC80 /* PBXTargetDependency */,
			);
			name = HackergramTests;
			productName = HackergramTests;
			productReference = 49B7459719D45CCD0059EC80 /* HackergramTests.xctest */;
			productType = "com.apple.product-type.bundle.unit-test";
		};
/* End PBXNativeTarget section */

/* Begin PBXProject section */
		49B7457A19D45CCD0059EC80 /* Project object */ = {
			isa = PBXProject;
			attributes = {
				LastUpgradeCheck = 0600;
				ORGANIZATIONNAME = "77th Street Labs";
				TargetAttributes = {
					49B7458119D45CCD0059EC80 = {
						CreatedOnToolsVersion = 6.0.1;
					};
					49B7459619D45CCD0059EC80 = {
						CreatedOnToolsVersion = 6.0.1;
						TestTargetID = 49B7458119D45CCD0059EC80;
					};
				};
			};
			buildConfigurationList = 49B7457D19D45CCD0059EC80 /* Build configuration list for PBXProject "Hackergram" */;
			compatibilityVersion = "Xcode 3.2";
			developmentRegion = English;
			hasScannedForEncodings = 0;
			knownRegions = (
				en,
				Base,
			);
			mainGroup = 49B7457919D45CCD0059EC80;
			productRefGroup = 49B7458319D45CCD0059EC80 /* Products */;
			projectDirPath = "";
			projectRoot = "";
			targets = (
				49B7458119D45CCD0059EC80 /* Hackergram */,
				49B7459619D45CCD0059EC80 /* HackergramTests */,
			);
		};
/* End PBXProject section */

/* Begin PBXResourcesBuildPhase section */
		49B7458019D45CCD0059EC80 /* Resources */ = {
			isa = PBXResourcesBuildPhase;
			buildActionMask = 2147483647;
			files = (
				49B7458D19D45CCD0059EC80 /* Main.storyboard in Resources */,
				49B7459219D45CCD0059EC80 /* LaunchScreen.xib in Resources */,
				495E750519E6E05900AEDC46 /* monkey.png in Resources */,
				49B7458F19D45CCD0059EC80 /* Images.xcassets in Resources */,
				495E750319E6E01E00AEDC46 /* truck.jpeg in Resources */,
			);
			runOnlyForDeploymentPostprocessing = 0;
		};
		49B7459519D45CCD0059EC80 /* Resources */ = {
			isa = PBXResourcesBuildPhase;
			buildActionMask = 2147483647;
			files = (
			);
			runOnlyForDeploymentPostprocessing = 0;
		};
/* End PBXResourcesBuildPhase section */

/* Begin PBXSourcesBuildPhase section */
		49B7457E19D45CCD0059EC80 /* Sources */ = {
			isa = PBXSourcesBuildPhase;
			buildActionMask = 2147483647;
			files = (
				498F4D5D19DD9471006F94D9 /* UserTableViewController.swift in Sources */,
				4979017C19DAFA7A0055322E /* SignupViewController.swift in Sources */,
				495E750119E6DF4500AEDC46 /* postViewController.swift in Sources */,
				49B7458A19D45CCD0059EC80 /* ViewController.swift in Sources */,
				49ACB2CC19E58B9F00CBF141 /* User.swift in Sources */,
				495686E219E70A64000A2672 /* FeedCell.swift in Sources */,
				49B7458819D45CCD0059EC80 /* AppDelegate.swift in Sources */,
				495686E019E709DA000A2672 /* FeedViewController.swift in Sources */,
			);
			runOnlyForDeploymentPostprocessing = 0;
		};
		49B7459319D45CCD0059EC80 /* Sources */ = {
			isa = PBXSourcesBuildPhase;
			buildActionMask = 2147483647;
			files = (
				49B7459E19D45CCD0059EC80 /* HackergramTests.swift in Sources */,
			);
			runOnlyForDeploymentPostprocessing = 0;
		};
/* End PBXSourcesBuildPhase section */

/* Begin PBXTargetDependency section */
		49B7459919D45CCD0059EC80 /* PBXTargetDependency */ = {
			isa = PBXTargetDependency;
			target = 49B7458119D45CCD0059EC80 /* Hackergram */;
			targetProxy = 49B7459819D45CCD0059EC80 /* PBXContainerItemProxy */;
		};
/* End PBXTargetDependency section */

/* Begin PBXVariantGroup section */
		49B7458B19D45CCD0059EC80 /* Main.storyboard */ = {
			isa = PBXVariantGroup;
			children = (
				49B7458C19D45CCD0059EC80 /* Base */,
			);
			name = Main.storyboard;
			sourceTree = "<group>";
		};
		49B7459019D45CCD0059EC80 /* LaunchScreen.xib */ = {
			isa = PBXVariantGroup;
			children = (
				49B7459119D45CCD0059EC80 /* Base */,
			);
			name = LaunchScreen.xib;
			sourceTree = "<group>";
		};
/* End PBXVariantGroup section */

/* Begin XCBuildConfiguration section */
		49B7459F19D45CCD0059EC80 /* Debug */ = {
			isa = XCBuildConfiguration;
			buildSettings = {
				ALWAYS_SEARCH_USER_PATHS = NO;
				CLANG_CXX_LANGUAGE_STANDARD = "gnu++0x";
				CLANG_CXX_LIBRARY = "libc++";
				CLANG_ENABLE_MODULES = YES;
				CLANG_ENABLE_OBJC_ARC = YES;
				CLANG_WARN_BOOL_CONVERSION = YES;
				CLANG_WARN_CONSTANT_CONVERSION = YES;
				CLANG_WARN_DIRECT_OBJC_ISA_USAGE = YES_ERROR;
				CLANG_WARN_EMPTY_BODY = YES;
				CLANG_WARN_ENUM_CONVERSION = YES;
				CLANG_WARN_INT_CONVERSION = YES;
				CLANG_WARN_OBJC_ROOT_CLASS = YES_ERROR;
				CLANG_WARN_UNREACHABLE_CODE = YES;
				CLANG_WARN__DUPLICATE_METHOD_MATCH = YES;
				"CODE_SIGN_IDENTITY[sdk=iphoneos*]" = "iPhone Developer";
				COPY_PHASE_STRIP = NO;
				ENABLE_STRICT_OBJC_MSGSEND = YES;
				GCC_C_LANGUAGE_STANDARD = gnu99;
				GCC_DYNAMIC_NO_PIC = NO;
				GCC_OPTIMIZATION_LEVEL = 0;
				GCC_PREPROCESSOR_DEFINITIONS = (
					"DEBUG=1",
					"$(inherited)",
				);
				GCC_SYMBOLS_PRIVATE_EXTERN = NO;
				GCC_WARN_64_TO_32_BIT_CONVERSION = YES;
				GCC_WARN_ABOUT_RETURN_TYPE = YES_ERROR;
				GCC_WARN_UNDECLARED_SELECTOR = YES;
				GCC_WARN_UNINITIALIZED_AUTOS = YES_AGGRESSIVE;
				GCC_WARN_UNUSED_FUNCTION = YES;
				GCC_WARN_UNUSED_VARIABLE = YES;
				IPHONEOS_DEPLOYMENT_TARGET = 8.0;
				MTL_ENABLE_DEBUG_INFO = YES;
				ONLY_ACTIVE_ARCH = YES;
				SDKROOT = iphoneos;
				SWIFT_OPTIMIZATION_LEVEL = "-Onone";
			};
			name = Debug;
		};
		49B745A019D45CCD0059EC80 /* Release */ = {
			isa = XCBuildConfiguration;
			buildSettings = {
				ALWAYS_SEARCH_USER_PATHS = NO;
				CLANG_CXX_LANGUAGE_STANDARD = "gnu++0x";
				CLANG_CXX_LIBRARY = "libc++";
				CLANG_ENABLE_MODULES = YES;
				CLANG_ENABLE_OBJC_ARC = YES;
				CLANG_WARN_BOOL_CONVERSION = YES;
				CLANG_WARN_CONSTANT_CONVERSION = YES;
				CLANG_WARN_DIRECT_OBJC_ISA_USAGE = YES_ERROR;
				CLANG_WARN_EMPTY_BODY = YES;
				CLANG_WARN_ENUM_CONVERSION = YES;
				CLANG_WARN_INT_CONVERSION = YES;
				CLANG_WARN_OBJC_ROOT_CLASS = YES_ERROR;
				CLANG_WARN_UNREACHABLE_CODE = YES;
				CLANG_WARN__DUPLICATE_METHOD_MATCH = YES;
				"CODE_SIGN_IDENTITY[sdk=iphoneos*]" = "iPhone Developer";
				COPY_PHASE_STRIP = YES;
				ENABLE_NS_ASSERTIONS = NO;
				ENABLE_STRICT_OBJC_MSGSEND = YES;
				GCC_C_LANGUAGE_STANDARD = gnu99;
				GCC_WARN_64_TO_32_BIT_CONVERSION = YES;
				GCC_WARN_ABOUT_RETURN_TYPE = YES_ERROR;
				GCC_WARN_UNDECLARED_SELECTOR = YES;
				GCC_WARN_UNINITIALIZED_AUTOS = YES_AGGRESSIVE;
				GCC_WARN_UNUSED_FUNCTION = YES;
				GCC_WARN_UNUSED_VARIABLE = YES;
				IPHONEOS_DEPLOYMENT_TARGET = 8.0;
				MTL_ENABLE_DEBUG_INFO = NO;
				SDKROOT = iphoneos;
				VALIDATE_PRODUCT = YES;
			};
			name = Release;
		};
		49B745A219D45CCD0059EC80 /* Debug */ = {
			isa = XCBuildConfiguration;
			buildSettings = {
				ASSETCATALOG_COMPILER_APPICON_NAME = AppIcon;
				CLANG_ENABLE_MODULES = YES;
				FRAMEWORK_SEARCH_PATHS = (
					"$(inherited)",
					"$(PROJECT_DIR)/Hackergram",
				);
				INFOPLIST_FILE = Hackergram/Info.plist;
				LD_RUNPATH_SEARCH_PATHS = "$(inherited) @executable_path/Frameworks";
				PRODUCT_NAME = "$(TARGET_NAME)";
				SWIFT_OBJC_BRIDGING_HEADER = "Hackergram/Hackergram-Bridging-Header.h";
				"SWIFT_OBJC_BRIDGING_HEADER[arch=*]" = "Hackergram/Hackergram-Bridging-Header.h";
				SWIFT_OPTIMIZATION_LEVEL = "-Onone";
			};
			name = Debug;
		};
		49B745A319D45CCD0059EC80 /* Release */ = {
			isa = XCBuildConfiguration;
			buildSettings = {
				ASSETCATALOG_COMPILER_APPICON_NAME = AppIcon;
				CLANG_ENABLE_MODULES = YES;
				FRAMEWORK_SEARCH_PATHS = (
					"$(inherited)",
					"$(PROJECT_DIR)/Hackergram",
				);
				INFOPLIST_FILE = Hackergram/Info.plist;
				LD_RUNPATH_SEARCH_PATHS = "$(inherited) @executable_path/Frameworks";
				PRODUCT_NAME = "$(TARGET_NAME)";
				SWIFT_OBJC_BRIDGING_HEADER = "Hackergram/Hackergram-Bridging-Header.h";
			};
			name = Release;
		};
		49B745A519D45CCD0059EC80 /* Debug */ = {
			isa = XCBuildConfiguration;
			buildSettings = {
				BUNDLE_LOADER = "$(TEST_HOST)";
				FRAMEWORK_SEARCH_PATHS = (
					"$(SDKROOT)/Developer/Library/Frameworks",
					"$(inherited)",
				);
				GCC_PREPROCESSOR_DEFINITIONS = (
					"DEBUG=1",
					"$(inherited)",
				);
				INFOPLIST_FILE = HackergramTests/Info.plist;
				LD_RUNPATH_SEARCH_PATHS = "$(inherited) @executable_path/Frameworks @loader_path/Frameworks";
				PRODUCT_NAME = "$(TARGET_NAME)";
				TEST_HOST = "$(BUILT_PRODUCTS_DIR)/Hackergram.app/Hackergram";
			};
			name = Debug;
		};
		49B745A619D45CCD0059EC80 /* Release */ = {
			isa = XCBuildConfiguration;
			buildSettings = {
				BUNDLE_LOADER = "$(TEST_HOST)";
				FRAMEWORK_SEARCH_PATHS = (
					"$(SDKROOT)/Developer/Library/Frameworks",
					"$(inherited)",
				);
				INFOPLIST_FILE = HackergramTests/Info.plist;
				LD_RUNPATH_SEARCH_PATHS = "$(inherited) @executable_path/Frameworks @loader_path/Frameworks";
				PRODUCT_NAME = "$(TARGET_NAME)";
				TEST_HOST = "$(BUILT_PRODUCTS_DIR)/Hackergram.app/Hackergram";
			};
			name = Release;
		};
/* End XCBuildConfiguration section */

/* Begin XCConfigurationList section */
		49B7457D19D45CCD0059EC80 /* Build configuration list for PBXProject "Hackergram" */ = {
			isa = XCConfigurationList;
			buildConfigurations = (
				49B7459F19D45CCD0059EC80 /* Debug */,
				49B745A019D45CCD0059EC80 /* Release */,
			);
			defaultConfigurationIsVisible = 0;
			defaultConfigurationName = Release;
		};
		49B745A119D45CCD0059EC80 /* Build configuration list for PBXNativeTarget "Hackergram" */ = {
			isa = XCConfigurationList;
			buildConfigurations = (
				49B745A219D45CCD0059EC80 /* Debug */,
				49B745A319D45CCD0059EC80 /* Release */,
			);
			defaultConfigurationIsVisible = 0;
			defaultConfigurationName = Release;
		};
		49B745A419D45CCD0059EC80 /* Build configuration list for PBXNativeTarget "HackergramTests" */ = {
			isa = XCConfigurationList;
			buildConfigurations = (
				49B745A519D45CCD0059EC80 /* Debug */,
				49B745A619D45CCD0059EC80 /* Release */,
			);
			defaultConfigurationIsVisible = 0;
			defaultConfigurationName = Release;
		};
/* End XCConfigurationList section */
	};
	rootObject = 49B7457A19D45CCD0059EC80 /* Project object */;
}
